
Microsoft Visual Studio Solution File, Format Version 12.00
# Visual Studio 15
VisualStudioVersion = 15.0.27004.2005
MinimumVisualStudioVersion = 10.0.40219.1
Project("{FAE04EC0-301F-11D3-BF4B-00C04F79EFBC}") = "oiu_wpf_NAudio", "oiu_wpf_csharp\oiu_wpf_NAudio.csproj", "{28EDD39F-9E3B-42B5-A4B4-C4A1BE15E1EB}"
EndProject
Project("{FAE04EC0-301F-11D3-BF4B-00C04F79EFBC}") = "NAudio", "libs\NAudio-master\NAudio\NAudio.csproj", "{DA4F02E3-0B5E-42CD-B8D9-5583FA51D66E}"
EndProject
Project("{FAE04EC0-301F-11D3-BF4B-00C04F79EFBC}") = "NAudioWpfDemo", "libs\NAudio-master\NAudioWpfDemo\NAudioWpfDemo.csproj", "{A7B74F85-D353-4ED4-A321-E6E4AD4D7D32}"
EndProject
Project("{2150E333-8FDC-42A3-9474-1A3956D46DE8}") = "Libraries and other projects", "Libraries and other projects", "{2671630F-13E1-4AC6-8ADA-4941B8D30F36}"
EndProject
Project("{FAE04EC0-301F-11D3-BF4B-00C04F79EFBC}") = "oiu_wpf_BASS.NET", "oiu_wpf_BASS.NET\oiu_wpf_BASS.NET.csproj", "{272C8103-8626-429E-B58F-C832A0548AB3}"
EndProject
Global
	GlobalSection(SolutionConfigurationPlatforms) = preSolution
		Debug|Any CPU = Debug|Any CPU
		Debug|x64 = Debug|x64
		Debug|x86 = Debug|x86
		Release|Any CPU = Release|Any CPU
		Release|x64 = Release|x64
		Release|x86 = Release|x86
	EndGlobalSection
	GlobalSection(ProjectConfigurationPlatforms) = postSolution
		{28EDD39F-9E3B-42B5-A4B4-C4A1BE15E1EB}.Debug|Any CPU.ActiveCfg = Debug|Any CPU
		{28EDD39F-9E3B-42B5-A4B4-C4A1BE15E1EB}.Debug|Any CPU.Build.0 = Debug|Any CPU
		{28EDD39F-9E3B-42B5-A4B4-C4A1BE15E1EB}.Debug|x64.ActiveCfg = Debug|Any CPU
		{28EDD39F-9E3B-42B5-A4B4-C4A1BE15E1EB}.Debug|x64.Build.0 = Debug|Any CPU
		{28EDD39F-9E3B-42B5-A4B4-C4A1BE15E1EB}.Debug|x86.ActiveCfg = Debug|Any CPU
		{28EDD39F-9E3B-42B5-A4B4-C4A1BE15E1EB}.Debug|x86.Build.0 = Debug|Any CPU
		{28EDD39F-9E3B-42B5-A4B4-C4A1BE15E1EB}.Release|Any CPU.ActiveCfg = Release|Any CPU
		{28EDD39F-9E3B-42B5-A4B4-C4A1BE15E1EB}.Release|Any CPU.Build.0 = Release|Any CPU
		{28EDD39F-9E3B-42B5-A4B4-C4A1BE15E1EB}.Release|x64.ActiveCfg = Release|Any CPU
		{28EDD39F-9E3B-42B5-A4B4-C4A1BE15E1EB}.Release|x64.Build.0 = Release|Any CPU
		{28EDD39F-9E3B-42B5-A4B4-C4A1BE15E1EB}.Release|x86.ActiveCfg = Release|Any CPU
		{28EDD39F-9E3B-42B5-A4B4-C4A1BE15E1EB}.Release|x86.Build.0 = Release|Any CPU
		{DA4F02E3-0B5E-42CD-B8D9-5583FA51D66E}.Debug|Any CPU.ActiveCfg = Debug|Any CPU
		{DA4F02E3-0B5E-42CD-B8D9-5583FA51D66E}.Debug|Any CPU.Build.0 = Debug|Any CPU
		{DA4F02E3-0B5E-42CD-B8D9-5583FA51D66E}.Debug|x64.ActiveCfg = Debug|x64
		{DA4F02E3-0B5E-42CD-B8D9-5583FA51D66E}.Debug|x64.Build.0 = Debug|x64
		{DA4F02E3-0B5E-42CD-B8D9-5583FA51D66E}.Debug|x86.ActiveCfg = Debug|x86
		{DA4F02E3-0B5E-42CD-B8D9-5583FA51D66E}.Debug|x86.Build.0 = Debug|x86
		{DA4F02E3-0B5E-42CD-B8D9-5583FA51D66E}.Release|Any CPU.ActiveCfg = Release|Any CPU
		{DA4F02E3-0B5E-42CD-B8D9-5583FA51D66E}.Release|Any CPU.Build.0 = Release|Any CPU
		{DA4F02E3-0B5E-42CD-B8D9-5583FA51D66E}.Release|x64.ActiveCfg = Release|x64
		{DA4F02E3-0B5E-42CD-B8D9-5583FA51D66E}.Release|x64.Build.0 = Release|x64
		{DA4F02E3-0B5E-42CD-B8D9-5583FA51D66E}.Release|x86.ActiveCfg = Release|x86
		{DA4F02E3-0B5E-42CD-B8D9-5583FA51D66E}.Release|x86.Build.0 = Release|x86
		{A7B74F85-D353-4ED4-A321-E6E4AD4D7D32}.Debug|Any CPU.ActiveCfg = Debug|Any CPU
		{A7B74F85-D353-4ED4-A321-E6E4AD4D7D32}.Debug|Any CPU.Build.0 = Debug|Any CPU
		{A7B74F85-D353-4ED4-A321-E6E4AD4D7D32}.Debug|x64.ActiveCfg = Debug|Any CPU
		{A7B74F85-D353-4ED4-A321-E6E4AD4D7D32}.Debug|x64.Build.0 = Debug|Any CPU
		{A7B74F85-D353-4ED4-A321-E6E4AD4D7D32}.Debug|x86.ActiveCfg = Debug|Any CPU
		{A7B74F85-D353-4ED4-A321-E6E4AD4D7D32}.Debug|x86.Build.0 = Debug|Any CPU
		{A7B74F85-D353-4ED4-A321-E6E4AD4D7D32}.Release|Any CPU.ActiveCfg = Release|Any CPU
		{A7B74F85-D353-4ED4-A321-E6E4AD4D7D32}.Release|Any CPU.Build.0 = Release|Any CPU
		{A7B74F85-D353-4ED4-A321-E6E4AD4D7D32}.Release|x64.ActiveCfg = Release|Any CPU
		{A7B74F85-D353-4ED4-A321-E6E4AD4D7D32}.Release|x64.Build.0 = Release|Any CPU
		{A7B74F85-D353-4ED4-A321-E6E4AD4D7D32}.Release|x86.ActiveCfg = Release|Any CPU
		{A7B74F85-D353-4ED4-A321-E6E4AD4D7D32}.Release|x86.Build.0 = Release|Any CPU
		{272C8103-8626-429E-B58F-C832A0548AB3}.Debug|Any CPU.ActiveCfg = Debug|Any CPU
		{272C8103-8626-429E-B58F-C832A0548AB3}.Debug|Any CPU.Build.0 = Debug|Any CPU
		{272C8103-8626-429E-B58F-C832A0548AB3}.Debug|x64.ActiveCfg = Debug|Any CPU
		{272C8103-8626-429E-B58F-C832A0548AB3}.Debug|x64.Build.0 = Debug|Any CPU
		{272C8103-8626-429E-B58F-C832A0548AB3}.Debug|x86.ActiveCfg = Debug|Any CPU
		{272C8103-8626-429E-B58F-C832A0548AB3}.Debug|x86.Build.0 = Debug|Any CPU
		{272C8103-8626-429E-B58F-C832A0548AB3}.Release|Any CPU.ActiveCfg = Release|Any CPU
		{272C8103-8626-429E-B58F-C832A0548AB3}.Release|Any CPU.Build.0 = Release|Any CPU
		{272C8103-8626-429E-B58F-C832A0548AB3}.Release|x64.ActiveCfg = Release|Any CPU
		{272C8103-8626-429E-B58F-C832A0548AB3}.Release|x64.Build.0 = Release|Any CPU
		{272C8103-8626-429E-B58F-C832A0548AB3}.Release|x86.ActiveCfg = Release|Any CPU
		{272C8103-8626-429E-B58F-C832A0548AB3}.Release|x86.Build.0 = Release|Any CPU
	EndGlobalSection
	GlobalSection(SolutionProperties) = preSolution
		HideSolutionNode = FALSE
	EndGlobalSection
	GlobalSection(NestedProjects) = preSolution
		{DA4F02E3-0B5E-42CD-B8D9-5583FA51D66E} = {2671630F-13E1-4AC6-8ADA-4941B8D30F36}
		{A7B74F85-D353-4ED4-A321-E6E4AD4D7D32} = {2671630F-13E1-4AC6-8ADA-4941B8D30F36}
	EndGlobalSection
	GlobalSection(ExtensibilityGlobals) = postSolution
		SolutionGuid = {6B7172D2-A5E3-48F1-96E0-ECF328205636}
	EndGlobalSection
EndGlobal
